
Microsoft Visual Studio Solution File, Format Version 12.00
# Visual Studio 15
VisualStudioVersion = 15.0.28307.489
MinimumVisualStudioVersion = 10.0.40219.1
Project("{FAE04EC0-301F-11D3-BF4B-00C04F79EFBC}") = "OrganizationManagement", "OrganizationManagement\OrganizationManagement.csproj", "{E913547F-93C3-4CBB-925C-27C6DAD02FA5}"
EndProject
Global
	GlobalSection(SolutionConfigurationPlatforms) = preSolution
		Debug|Any CPU = Debug|Any CPU
		Release|Any CPU = Release|Any CPU
	EndGlobalSection
	GlobalSection(ProjectConfigurationPlatforms) = postSolution
		{E913547F-93C3-4CBB-925C-27C6DAD02FA5}.Debug|Any CPU.ActiveCfg = Debug|Any CPU
		{E913547F-93C3-4CBB-925C-27C6DAD02FA5}.Debug|Any CPU.Build.0 = Debug|Any CPU
		{E913547F-93C3-4CBB-925C-27C6DAD02FA5}.Release|Any CPU.ActiveCfg = Release|Any CPU
		{E913547F-93C3-4CBB-925C-27C6DAD02FA5}.Release|Any CPU.Build.0 = Release|Any CPU
	EndGlobalSection
	GlobalSection(SolutionProperties) = preSolution
		HideSolutionNode = FALSE
	EndGlobalSection
	GlobalSection(ExtensibilityGlobals) = postSolution
		SolutionGuid = {3FC13CB0-5948-4835-A778-694D4B8D88D8}
	EndGlobalSection
EndGlobal
